PODS:
  - Audiobus (3.0.4)
  - AudioKit (4.2.4):
    - AudioKit/UI (= 4.2.4)
  - AudioKit/UI (4.2.4)

DEPENDENCIES:
  - Audiobus
  - AudioKit
  - MIDIEventKit
  - MusicTheorySwift

SPEC CHECKSUMS:
  Audiobus: 618528d04f14b18fa924aabc75355333b63ee6ec
  AudioKit: 90ed0de2bc50ab68306f4b424ae1622fc9149b8e

PODFILE CHECKSUM: b7809a60e269cfc243fbc8e276875734a7d265e3

COCOAPODS: 1.4.0
